
Microsoft Visual Studio Solution File, Format Version 12.00
# Visual Studio Version 17
VisualStudioVersion = 17.5.002.0
MinimumVisualStudioVersion = 10.0.40219.1
Project("{2150E333-8FDC-42A3-9474-1A3956D46DE8}") = "src", "src", "{EF054777-3A37-4210-82F1-635FEE7B2B88}"
EndProject
Project("{9A19103F-16F7-4668-BE54-9A1E7A4F7556}") = "testWindow", "src\testWindow\testWindow.csproj", "{195E8461-F475-4A5E-BE77-65CA6947A791}"
EndProject
Project("{FAE04EC0-301F-11D3-BF4B-00C04F79EFBC}") = "BlazorDesktop", "src\BlazorDesktop\BlazorDesktop.csproj", "{3BBBB5BA-5C3F-47D2-932A-EA1096A0BC7D}"
EndProject
Project("{FAE04EC0-301F-11D3-BF4B-00C04F79EFBC}") = "TestWindow2", "TestWindow2\TestWindow2.csproj", "{20FAD18A-57FC-4CA2-8973-2741D3F855F1}"
EndProject
Project("{FAE04EC0-301F-11D3-BF4B-00C04F79EFBC}") = "TestLib2", "TestLib2\TestLib2.csproj", "{C931C4AD-DEBD-455B-9C2B-5EEC5D65783F}"
EndProject
Global
	GlobalSection(SolutionConfigurationPlatforms) = preSolution
		Debug|Any CPU = Debug|Any CPU
		Release|Any CPU = Release|Any CPU
	EndGlobalSection
	GlobalSection(ProjectConfigurationPlatforms) = postSolution
		{195E8461-F475-4A5E-BE77-65CA6947A791}.Debug|Any CPU.ActiveCfg = Debug|Any CPU
		{195E8461-F475-4A5E-BE77-65CA6947A791}.Debug|Any CPU.Build.0 = Debug|Any CPU
		{195E8461-F475-4A5E-BE77-65CA6947A791}.Release|Any CPU.ActiveCfg = Release|Any CPU
		{195E8461-F475-4A5E-BE77-65CA6947A791}.Release|Any CPU.Build.0 = Release|Any CPU
		{3BBBB5BA-5C3F-47D2-932A-EA1096A0BC7D}.Debug|Any CPU.ActiveCfg = Debug|Any CPU
		{3BBBB5BA-5C3F-47D2-932A-EA1096A0BC7D}.Debug|Any CPU.Build.0 = Debug|Any CPU
		{3BBBB5BA-5C3F-47D2-932A-EA1096A0BC7D}.Release|Any CPU.ActiveCfg = Release|Any CPU
		{3BBBB5BA-5C3F-47D2-932A-EA1096A0BC7D}.Release|Any CPU.Build.0 = Release|Any CPU
		{20FAD18A-57FC-4CA2-8973-2741D3F855F1}.Debug|Any CPU.ActiveCfg = Debug|Any CPU
		{20FAD18A-57FC-4CA2-8973-2741D3F855F1}.Debug|Any CPU.Build.0 = Debug|Any CPU
		{20FAD18A-57FC-4CA2-8973-2741D3F855F1}.Release|Any CPU.ActiveCfg = Release|Any CPU
		{20FAD18A-57FC-4CA2-8973-2741D3F855F1}.Release|Any CPU.Build.0 = Release|Any CPU
		{C931C4AD-DEBD-455B-9C2B-5EEC5D65783F}.Debug|Any CPU.ActiveCfg = Debug|Any CPU
		{C931C4AD-DEBD-455B-9C2B-5EEC5D65783F}.Debug|Any CPU.Build.0 = Debug|Any CPU
		{C931C4AD-DEBD-455B-9C2B-5EEC5D65783F}.Release|Any CPU.ActiveCfg = Release|Any CPU
		{C931C4AD-DEBD-455B-9C2B-5EEC5D65783F}.Release|Any CPU.Build.0 = Release|Any CPU
	EndGlobalSection
	GlobalSection(SolutionProperties) = preSolution
		HideSolutionNode = FALSE
	EndGlobalSection
	GlobalSection(NestedProjects) = preSolution
		{195E8461-F475-4A5E-BE77-65CA6947A791} = {EF054777-3A37-4210-82F1-635FEE7B2B88}
		{3BBBB5BA-5C3F-47D2-932A-EA1096A0BC7D} = {EF054777-3A37-4210-82F1-635FEE7B2B88}
	EndGlobalSection
	GlobalSection(ExtensibilityGlobals) = postSolution
		SolutionGuid = {163132AE-3F04-4ED7-8A5A-C13D08D5E5AF}
	EndGlobalSection
EndGlobal
